{
    "_meta": {
        "hash": {
            "sha256": "e07a9d9568ebf7b445e68e96c8567d4b6baabaef65290b9f4ce548c8e103774c"
        },
        "pipfile-spec": 6,
        "requires": {
            "python_version": "3.10"
        },
        "sources": [
            {
                "name": "pypi",
                "url": "https://pypi.org/simple",
                "verify_ssl": true
            }
        ]
    },
    "default": {
        "attrs": {
            "hashes": [
                "sha256:2d27e3784d7a565d36ab851fe94887c5eccd6a463168875832a1be79c82828b4",
                "sha256:626ba8234211db98e869df76230a137c4c40a12d72445c45d5f5b716f076e2fd"
            ],
            "markers": "python_version >= '2.7' and python_version not in '3.0, 3.1, 3.2, 3.3, 3.4'",
            "version": "==21.4.0"
        },
        "bcrypt": {
            "hashes": [
                "sha256:56e5da069a76470679f312a7d3d23deb3ac4519991a0361abc11da837087b61d",
                "sha256:5b93c1726e50a93a033c36e5ca7fdcd29a5c7395af50a6892f5d9e7c6cfbfb29",
                "sha256:63d4e3ff96188e5898779b6057878fecf3f11cfe6ec3b313ea09955d587ec7a7",
                "sha256:81fec756feff5b6818ea7ab031205e1d323d8943d237303baca2c5f9c7846f34",
                "sha256:a0584a92329210fcd75eb8a3250c5a941633f8bfaf2a18f81009b097732839b7",
                "sha256:a67fb841b35c28a59cebed05fbd3e80eea26e6d75851f0574a9273c80f3e9b55",
                "sha256:b589229207630484aefe5899122fb938a5b017b0f4349f769b8c13e78d99a8fd",
                "sha256:c95d4cbebffafcdd28bd28bb4e25b31c50f6da605c81ffd9ad8a3d1b2ab7b1b6",
                "sha256:cd1ea2ff3038509ea95f687256c46b79f5fc382ad0aa3664d200047546d511d1",
                "sha256:cdcdcb3972027f83fe24a48b1e90ea4b584d35f1cc279d76de6fc4b13376239d"
            ],
            "markers": "python_version >= '3.6'",
            "version": "==3.2.0"
        },
        "cffi": {
            "hashes": [
                "sha256:00c878c90cb53ccfaae6b8bc18ad05d2036553e6d9d1d9dbcf323bbe83854ca3",
                "sha256:0104fb5ae2391d46a4cb082abdd5c69ea4eab79d8d44eaaf79f1b1fd806ee4c2",
                "sha256:06c48159c1abed75c2e721b1715c379fa3200c7784271b3c46df01383b593636",
                "sha256:0808014eb713677ec1292301ea4c81ad277b6cdf2fdd90fd540af98c0b101d20",
                "sha256:10dffb601ccfb65262a27233ac273d552ddc4d8ae1bf93b21c94b8511bffe728",
                "sha256:14cd121ea63ecdae71efa69c15c5543a4b5fbcd0bbe2aad864baca0063cecf27",
                "sha256:17771976e82e9f94976180f76468546834d22a7cc404b17c22df2a2c81db0c66",
                "sha256:181dee03b1170ff1969489acf1c26533710231c58f95534e3edac87fff06c443",
                "sha256:23cfe892bd5dd8941608f93348c0737e369e51c100d03718f108bf1add7bd6d0",
                "sha256:263cc3d821c4ab2213cbe8cd8b355a7f72a8324577dc865ef98487c1aeee2bc7",
                "sha256:2756c88cbb94231c7a147402476be2c4df2f6078099a6f4a480d239a8817ae39",
                "sha256:27c219baf94952ae9d50ec19651a687b826792055353d07648a5695413e0c605",
                "sha256:2a23af14f408d53d5e6cd4e3d9a24ff9e05906ad574822a10563efcef137979a",
                "sha256:31fb708d9d7c3f49a60f04cf5b119aeefe5644daba1cd2a0fe389b674fd1de37",
                "sha256:3415c89f9204ee60cd09b235810be700e993e343a408693e80ce7f6a40108029",
                "sha256:3773c4d81e6e818df2efbc7dd77325ca0dcb688116050fb2b3011218eda36139",
                "sha256:3b96a311ac60a3f6be21d2572e46ce67f09abcf4d09344c49274eb9e0bf345fc",
                "sha256:3f7d084648d77af029acb79a0ff49a0ad7e9d09057a9bf46596dac9514dc07df",
                "sha256:41d45de54cd277a7878919867c0f08b0cf817605e4eb94093e7516505d3c8d14",
                "sha256:4238e6dab5d6a8ba812de994bbb0a79bddbdf80994e4ce802b6f6f3142fcc880",
                "sha256:45db3a33139e9c8f7c09234b5784a5e33d31fd6907800b316decad50af323ff2",
                "sha256:45e8636704eacc432a206ac7345a5d3d2c62d95a507ec70d62f23cd91770482a",
                "sha256:4958391dbd6249d7ad855b9ca88fae690783a6be9e86df65865058ed81fc860e",
                "sha256:4a306fa632e8f0928956a41fa8e1d6243c71e7eb59ffbd165fc0b41e316b2474",
                "sha256:57e9ac9ccc3101fac9d6014fba037473e4358ef4e89f8e181f8951a2c0162024",
                "sha256:59888172256cac5629e60e72e86598027aca6bf01fa2465bdb676d37636573e8",
                "sha256:5e069f72d497312b24fcc02073d70cb989045d1c91cbd53979366077959933e0",
                "sha256:64d4ec9f448dfe041705426000cc13e34e6e5bb13736e9fd62e34a0b0c41566e",
                "sha256:6dc2737a3674b3e344847c8686cf29e500584ccad76204efea14f451d4cc669a",
                "sha256:74fdfdbfdc48d3f47148976f49fab3251e550a8720bebc99bf1483f5bfb5db3e",
                "sha256:75e4024375654472cc27e91cbe9eaa08567f7fbdf822638be2814ce059f58032",
                "sha256:786902fb9ba7433aae840e0ed609f45c7bcd4e225ebb9c753aa39725bb3e6ad6",
                "sha256:8b6c2ea03845c9f501ed1313e78de148cd3f6cad741a75d43a29b43da27f2e1e",
                "sha256:91d77d2a782be4274da750752bb1650a97bfd8f291022b379bb8e01c66b4e96b",
                "sha256:91ec59c33514b7c7559a6acda53bbfe1b283949c34fe7440bcf917f96ac0723e",
                "sha256:920f0d66a896c2d99f0adbb391f990a84091179542c205fa53ce5787aff87954",
                "sha256:a5263e363c27b653a90078143adb3d076c1a748ec9ecc78ea2fb916f9b861962",
                "sha256:abb9a20a72ac4e0fdb50dae135ba5e77880518e742077ced47eb1499e29a443c",
                "sha256:c2051981a968d7de9dd2d7b87bcb9c939c74a34626a6e2f8181455dd49ed69e4",
                "sha256:c21c9e3896c23007803a875460fb786118f0cdd4434359577ea25eb556e34c55",
                "sha256:c2502a1a03b6312837279c8c1bd3ebedf6c12c4228ddbad40912d671ccc8a962",
                "sha256:d4d692a89c5cf08a8557fdeb329b82e7bf609aadfaed6c0d79f5a449a3c7c023",
                "sha256:da5db4e883f1ce37f55c667e5c0de439df76ac4cb55964655906306918e7363c",
                "sha256:e7022a66d9b55e93e1a845d8c9eba2a1bebd4966cd8bfc25d9cd07d515b33fa6",
                "sha256:ef1f279350da2c586a69d32fc8733092fd32cc8ac95139a00377841f59a3f8d8",
                "sha256:f54a64f8b0c8ff0b64d18aa76675262e1700f3995182267998c31ae974fbc382",
                "sha256:f5c7150ad32ba43a07c4479f40241756145a1f03b43480e058cfd862bf5041c7",
                "sha256:f6f824dc3bce0edab5f427efcfb1d63ee75b6fcb7282900ccaf925be84efb0fc",
                "sha256:fd8a250edc26254fe5b33be00402e6d287f562b6a5b2152dec302fa15bb3e997",
                "sha256:ffaa5c925128e29efbde7301d8ecaf35c8c60ffbcd6a1ffd3a552177c8e5e796"
            ],
            "version": "==1.15.0"
        },
        "click": {
            "hashes": [
                "sha256:6a7a62563bbfabfda3a38f3023a1db4a35978c0abd76f6c9605ecd6554d6d9b1",
                "sha256:8458d7b1287c5fb128c90e23381cf99dcde74beaf6c7ff6384ce84d6fe090adb"
            ],
            "markers": "python_version >= '3.6'",
            "version": "==8.0.4"
        },
        "cryptography": {
            "hashes": [
                "sha256:0a817b961b46894c5ca8a66b599c745b9a3d9f822725221f0e0fe49dc043a3a3",
                "sha256:2d87cdcb378d3cfed944dac30596da1968f88fb96d7fc34fdae30a99054b2e31",
                "sha256:30ee1eb3ebe1644d1c3f183d115a8c04e4e603ed6ce8e394ed39eea4a98469ac",
                "sha256:391432971a66cfaf94b21c24ab465a4cc3e8bf4a939c1ca5c3e3a6e0abebdbcf",
                "sha256:39bdf8e70eee6b1c7b289ec6e5d84d49a6bfa11f8b8646b5b3dfe41219153316",
                "sha256:4caa4b893d8fad33cf1964d3e51842cd78ba87401ab1d2e44556826df849a8ca",
                "sha256:53e5c1dc3d7a953de055d77bef2ff607ceef7a2aac0353b5d630ab67f7423638",
                "sha256:596f3cd67e1b950bc372c33f1a28a0692080625592ea6392987dba7f09f17a94",
                "sha256:5d59a9d55027a8b88fd9fd2826c4392bd487d74bf628bb9d39beecc62a644c12",
                "sha256:6c0c021f35b421ebf5976abf2daacc47e235f8b6082d3396a2fe3ccd537ab173",
                "sha256:73bc2d3f2444bcfeac67dd130ff2ea598ea5f20b40e36d19821b4df8c9c5037b",
                "sha256:74d6c7e80609c0f4c2434b97b80c7f8fdfaa072ca4baab7e239a15d6d70ed73a",
                "sha256:7be0eec337359c155df191d6ae00a5e8bbb63933883f4f5dffc439dac5348c3f",
                "sha256:94ae132f0e40fe48f310bba63f477f14a43116f05ddb69d6fa31e93f05848ae2",
                "sha256:bb5829d027ff82aa872d76158919045a7c1e91fbf241aec32cb07956e9ebd3c9",
                "sha256:ca238ceb7ba0bdf6ce88c1b74a87bffcee5afbfa1e41e173b1ceb095b39add46",
                "sha256:ca28641954f767f9822c24e927ad894d45d5a1e501767599647259cbf030b903",
                "sha256:e0344c14c9cb89e76eb6a060e67980c9e35b3f36691e15e1b7a9e58a0a6c6dc3",
                "sha256:ebc15b1c22e55c4d5566e3ca4db8689470a0ca2babef8e3a9ee057a8b82ce4b1",
                "sha256:ec63da4e7e4a5f924b90af42eddf20b698a70e58d86a72d943857c4c6045b3ee"
            ],
            "markers": "python_version >= '3.6'",
            "version": "==36.0.1"
        },
        "iniconfig": {
            "hashes": [
                "sha256:011e24c64b7f47f6ebd835bb12a743f2fbe9a26d4cecaa7f53bc4f35ee9da8b3",
                "sha256:bc3af051d7d14b2ee5ef9969666def0cd1a000e121eaea580d4a313df4b37f32"
            ],
            "version": "==1.1.1"
        },
        "numpy": {
            "hashes": [
                "sha256:07a8c89a04997625236c5ecb7afe35a02af3896c8aa01890a849913a2309c676",
                "sha256:08d9b008d0156c70dc392bb3ab3abb6e7a711383c3247b410b39962263576cd4",
                "sha256:201b4d0552831f7250a08d3b38de0d989d6f6e4658b709a02a73c524ccc6ffce",
                "sha256:2c10a93606e0b4b95c9b04b77dc349b398fdfbda382d2a39ba5a822f669a0123",
                "sha256:3ca688e1b9b95d80250bca34b11a05e389b1420d00e87a0d12dc45f131f704a1",
                "sha256:48a3aecd3b997bf452a2dedb11f4e79bc5bfd21a1d4cc760e703c31d57c84b3e",
                "sha256:568dfd16224abddafb1cbcce2ff14f522abe037268514dd7e42c6776a1c3f8e5",
                "sha256:5bfb1bb598e8229c2d5d48db1860bcf4311337864ea3efdbe1171fb0c5da515d",
                "sha256:639b54cdf6aa4f82fe37ebf70401bbb74b8508fddcf4797f9fe59615b8c5813a",
                "sha256:8251ed96f38b47b4295b1ae51631de7ffa8260b5b087808ef09a39a9d66c97ab",
                "sha256:92bfa69cfbdf7dfc3040978ad09a48091143cffb778ec3b03fa170c494118d75",
                "sha256:97098b95aa4e418529099c26558eeb8486e66bd1e53a6b606d684d0c3616b168",
                "sha256:a3bae1a2ed00e90b3ba5f7bd0a7c7999b55d609e0c54ceb2b076a25e345fa9f4",
                "sha256:c34ea7e9d13a70bf2ab64a2532fe149a9aced424cd05a2c4ba662fd989e3e45f",
                "sha256:dbc7601a3b7472d559dc7b933b18b4b66f9aa7452c120e87dfb33d02008c8a18",
                "sha256:e7927a589df200c5e23c57970bafbd0cd322459aa7b1ff73b7c2e84d6e3eae62",
                "sha256:f8c1f39caad2c896bc0018f699882b345b2a63708008be29b1f355ebf6f933fe",
                "sha256:f950f8845b480cffe522913d35567e29dd381b0dc7e4ce6a4a9f9156417d2430",
                "sha256:fade0d4f4d292b6f39951b6836d7a3c7ef5b2347f3c420cd9820a1d90d794802",
                "sha256:fdf3c08bce27132395d3c3ba1503cac12e17282358cb4bddc25cc46b0aca07aa"
            ],
            "index": "pypi",
            "version": "==1.22.3"
        },
        "packaging": {
            "hashes": [
                "sha256:dd47c42927d89ab911e606518907cc2d3a1f38bbd026385970643f9c5b8ecfeb",
                "sha256:ef103e05f519cdc783ae24ea4e2e0f508a9c99b2d4969652eed6a2e1ea5bd522"
            ],
            "markers": "python_version >= '3.6'",
            "version": "==21.3"
        },
        "paramiko": {
            "hashes": [
                "sha256:04097dbd96871691cdb34c13db1883066b8a13a0df2afd4cb0a92221f51c2603",
                "sha256:944a9e5dbdd413ab6c7951ea46b0ab40713235a9c4c5ca81cfe45c6f14fa677b"
            ],
            "version": "==2.9.2"
        },
        "pint": {
            "hashes": [
                "sha256:4b37f3c470639ea6f96b0026c3364bde30631fa737092bdaf18ad3f4f76f252f",
                "sha256:8c4bce884c269051feb7abc69dbfd18403c0c764abc83da132e8a7222f8ba801"
            ],
            "markers": "python_version >= '3.7'",
            "version": "==0.18"
        },
        "pluggy": {
            "hashes": [
                "sha256:4224373bacce55f955a878bf9cfa763c1e360858e330072059e10bad68531159",
                "sha256:74134bbf457f031a36d68416e1509f34bd5ccc019f0bcc952c7b909d06b37bd3"
            ],
            "markers": "python_version >= '3.6'",
            "version": "==1.0.0"
        },
        "py": {
            "hashes": [
                "sha256:51c75c4126074b472f746a24399ad32f6053d1b34b68d2fa41e558e6f4a98719",
                "sha256:607c53218732647dff4acdfcd50cb62615cedf612e72d1724fb1a0cc6405b378"
            ],
            "markers": "python_version >= '2.7' and python_version not in '3.0, 3.1, 3.2, 3.3, 3.4'",
            "version": "==1.11.0"
        },
        "pycparser": {
            "hashes": [
                "sha256:8ee45429555515e1f6b185e78100aea234072576aa43ab53aefcae078162fca9",
                "sha256:e644fdec12f7872f86c58ff790da456218b10f863970249516d60a5eaca77206"
            ],
            "version": "==2.21"
        },
        "pyfrc": {
            "hashes": [
                "sha256:6a057bbb1b451515445bc9940f328c6263c7ca84ec3fe06ec6e9a9794970281e",
                "sha256:dfeba17a1f599ebdb6a0df451141a0ff683257704026197f8748c859da79d85c"
            ],
            "index": "pypi",
            "version": "==2022.0.2"
        },
        "pynacl": {
            "hashes": [
                "sha256:06b8f6fa7f5de8d5d2f7573fe8c863c051225a27b61e6860fd047b1775807858",
                "sha256:0c84947a22519e013607c9be43706dd42513f9e6ae5d39d3613ca1e142fba44d",
                "sha256:20f42270d27e1b6a29f54032090b972d97f0a1b0948cc52392041ef7831fee93",
                "sha256:401002a4aaa07c9414132aaed7f6836ff98f59277a234704ff66878c2ee4a0d1",
                "sha256:52cb72a79269189d4e0dc537556f4740f7f0a9ec41c1322598799b0bdad4ef92",
                "sha256:61f642bf2378713e2c2e1de73444a3778e5f0a38be6fee0fe532fe30060282ff",
                "sha256:8ac7448f09ab85811607bdd21ec2464495ac8b7c66d146bf545b0f08fb9220ba",
                "sha256:a36d4a9dda1f19ce6e03c9a784a2921a4b726b02e1c736600ca9c22029474394",
                "sha256:a422368fc821589c228f4c49438a368831cb5bbc0eab5ebe1d7fac9dded6567b",
                "sha256:e46dae94e34b085175f8abb3b0aaa7da40767865ac82c928eeb9e57e1ea8a543"
            ],
            "markers": "python_version >= '3.6'",
            "version": "==1.5.0"
        },
        "pynetconsole": {
            "hashes": [
                "sha256:3f6b51e3c943e900578ce92a85104d45784ea522863b025816cc7d580bd00069",
                "sha256:a02a9a6538b63ab63ffb480a0e5c1485aa5f393da6a20f780a6b082c971762d5"
            ],
            "markers": "python_version >= '3.6'",
            "version": "==2.0.4"
        },
        "pynetworktables": {
            "hashes": [
                "sha256:54604b1993515c43890be058263f158c1d168c69bedd802f0de644964cf3840d",
                "sha256:91167948e66c29d5c90f85f3e249403f4d2ebf11368b93f9b968ef315388c73c"
            ],
            "markers": "python_version >= '3.5'",
            "version": "==2021.0.0"
        },
        "pyntcore": {
            "hashes": [
                "sha256:0939b2b1386472daf74178d3713b1d6b9c7aaf10e52fb5a848f9bfdc1e591e5f",
                "sha256:120af9b82e9bc414013562a911569de87fbbf346d867ef7e41b0f526e4f20fd3",
                "sha256:21b99be3c22960a417219cd9907552aeca7a5e957a90bd85e00d435f52b070b2",
                "sha256:2b76091d82db90f644b345687ec5656dabcf9b74c29ab572b00e20f387c90e66",
                "sha256:48c56f312681bd77be696d130611b80322f9fc23a4a7d11f8237c7c4727d3e7a",
                "sha256:5ebf249aeb659e2c091f6959ed22d0aae54022b4923db524aa2adaa55b18ea61",
                "sha256:73603cc3349b20bc64ad893e7a1463d393d690561728efe8ec1b2425fd62dd51",
                "sha256:8990c3b3db210fd5177414b4af388eff26072378939deca100face873449e3c0",
                "sha256:8f535c3346037cdf151131c8c34862ae3fb67c7de02c0fe220eb622f1fce35c0",
                "sha256:983d8e59b4f97b72a82760a44e28b4466e1af6e2a5e7be25b59218caa92f995c",
                "sha256:9e9bcdff1f2d78dea373f7250c63ba73519ffa82946356682fa395a743a33ed2",
                "sha256:ce555d83e3a33b435ac437ef1d5bb26da5c2758ba7fe771dc2d406cabb7cb38b",
                "sha256:d665e0d4fe4ca7156288dbcbe2c181178b90bb6ce3542e244d9870c8344b7194",
                "sha256:dd736d1a87232481b4d0effd95930793209d0b283048fae949075a42fc766f4b",
                "sha256:e6738d1a76af901e5f44e81d30bfe3c310be06caa1a8651921e88546038f4625",
                "sha256:e6cf1c78c9dd0fec339cb1511e78b457a5f9706d99e0a962e5c9ad360a3deca4"
            ],
            "markers": "python_version >= '3.6'",
            "version": "==2022.4.1.0"
        },
        "pyparsing": {
            "hashes": [
                "sha256:18ee9022775d270c55187733956460083db60b37d0d0fb357445f3094eed3eea",
                "sha256:a6c06a88f252e6c322f65faf8f418b16213b51bdfaece0524c1c1bc30c63c484"
            ],
            "markers": "python_version >= '3.6'",
            "version": "==3.0.7"
        },
        "pytest": {
            "hashes": [
                "sha256:9ce3ff477af913ecf6321fe337b93a2c0dcf2a0a1439c43f5452112c1e4280db",
                "sha256:e30905a0c131d3d94b89624a1cc5afec3e0ba2fbdb151867d8e0ebd49850f171"
            ],
            "markers": "python_version >= '3.6'",
            "version": "==7.0.1"
        },
        "robotpy-ctre": {
            "hashes": [
                "sha256:3af78d48086af90bd16a7f11b5204d72c0b4351c059dff41f98635f2e2f00faf",
                "sha256:4635dd126cfd7385abef5ee7c88774652b9c4fb213f2325b59016c571b4ad437",
                "sha256:50dfacbd6c771d3f65ce5d3a07045a3cad9c3e28f13d4d7641ea4973ca48aae1",
                "sha256:5459f8e6b1cab16420eb39948fd832a38685266e750b8e2f6e9774849549a14d",
                "sha256:5fcf19839aa69cff0a9d5fbc3a8cb595be9040e0c4d29df2b5ef8abeb852957d",
                "sha256:626cfd9b1a913a885584e902649e142e8c86d1a15453dca5c87f8bcd6d49e437",
                "sha256:6fb2bf5ce4acc8c9b070510caa46ad95fbdef977a8a5b600d68e0f422e6cad47",
                "sha256:7aedde0504a6ad96e55d83d02326bdcf1c1e6d3a91f14b4fd5e6e19348f38197",
                "sha256:8bde2652e1fe69139912fce7006110e9252f94ce645dbf6eeb78690377301d74",
                "sha256:a5eaa3fd8fd2d1b7b94252ab474321c986336bbc93c4510dab728f53cb04f254",
                "sha256:ad46a89e749e0ac56b39edfee9a9e7eed051545e6692133ade5915480f18a606",
                "sha256:b13ed9de72b48d6f19e1f465477ecb68f8fd2137592d7f246726942a6b746e18",
                "sha256:b67615fba27f114ab7ac21f565e3c9c7ee5bf9168ac723e0355a55986bb2cb2e",
                "sha256:b7a1bdc048ae243a377b29614785a28a2ff86c75fe65addf02f8637137c4466d",
                "sha256:fe496783d804e4a7a768cd7eeb08c5d0d2a146b075ad209374a295f81f46d077",
                "sha256:ffb3abd4e36e80b52adb9daaa46e40005c3d3fb9bfafdb8335f47de599dff71f"
            ],
            "index": "pypi",
            "version": "==2022.1.0"
        },
        "robotpy-hal": {
            "hashes": [
                "sha256:0f416f79ae946b7012c4574a25b882ca2209a3b5ba1daaa81f03d6a7c599188c",
                "sha256:0f587a8476652dd2db8527edd811201b24c4f8675778f12837dfd76b1fa9ddad",
                "sha256:2be6c439dd8ab8fb53598eece9b030157f612774c3c70ce269e65be24f926cc3",
                "sha256:3e27cdf17fd8792307ee3c7be189683db4128781c7b4b5778d858a82dbab2c79",
                "sha256:3ef0005fb9a192bd18c5752f9bb23821405167cf4e4322b27b0c07d03cc7c4bd",
                "sha256:4c2c8ad9fdf0d20d2c5ed99b7747ccf42dfefcc8e7a135666a7cd128d1a72043",
                "sha256:58a66666a3ad8cf572cb6b51832f9a6b72edaee890c4c4c4aecc8af77d1672d4",
                "sha256:58d66704020bca40987f9e17441d0a17feb55d51cb70e8b664f591855feb544b",
                "sha256:7cde1e30b37e134139a9cc7d55763f2160b31cf03720bdb434a28f5b9cd390e7",
                "sha256:bcb81e807ecaeb77fb8520febab64e4988fc30f7a3e37c83f3631944a76000f8",
                "sha256:c4e3219870f4ee1e5f9dad1671f7746aaf566725f582776450ed9318aada655b",
                "sha256:ce84891114f35d9ec09aba6373a5d5efd561ec5854bbad24dce29a3d6b3894b4",
                "sha256:ce9a4d372d57b8a48c63e66c3a3285c0d420c469e2ab25526b6662222aa7ed88",
                "sha256:d277dbab69682f572fdcf7b97af99bc24cf9bcd2d1acd7deb025a94111b611eb",
                "sha256:d2a60ce44b9e3940b66368bd1d391aa8455461ee16a4d7284d5905cbf1282d48",
                "sha256:d9d9aabbff3d66d7449c30b2fe781b8d3877d20391ac54b21c2b951abb13e0cd"
            ],
            "markers": "python_version >= '3.6'",
            "version": "==2022.4.1.1"
        },
        "robotpy-halsim-gui": {
            "hashes": [
                "sha256:0660d459142e1a2626b433a4c887d3692fd8866f78742d70ed7374c591dd71bd",
                "sha256:0ae6fe4bb13b3362690cbaeac5f78111b1bb71afcb910d5df61b0e52969bed70",
                "sha256:2e42d75c9445ea5ee7e88ccc060a97fd3f06be8d566bfc898241eff659fd938a",
                "sha256:2e9cb300a029d732a7cdabd030809dfeb0820c5e88c32df4a057fea342bd8526",
                "sha256:308e1cc328b482c65a1505c36bdfd8a389fc6b8074db7784e65c33343d1637a4",
                "sha256:320b759e7a697f4062041404c445e7cf27203733854e6e38f694fbfd0fee1104",
                "sha256:3c1ef960f07ea5a59f9ee96b9e88107796d02678d923c97f4f8a654fa2988af5",
                "sha256:54eb8c27013204b5d9a779a49bc02a52292390a7746f21c31f217ab277381640",
                "sha256:66d314c958d753da32ef0c4438d92be2840e843c10cbaa12d3282c5dac0d7056",
                "sha256:7dd3f473424747fb84dc3292cbc15ee2c007ebc5c3bbca2cdb0beee0e4898c1e",
                "sha256:9aad421d468e8812410fd7ebce1578eb0edf05fabef0b7b7ecdd5cac188f9131",
                "sha256:d0d982935cbbf78ba2216948dcd2d6a7221d18bc2e877b4b9e3f69e8fbe232d6",
                "sha256:d80f1c81ec15b9bc9ad970d9c3c47ea4d5c16d6fc67924d7f346204007132fc0",
                "sha256:eef9c30882cca5904122db894709e6536ba49f5a0d44a32a95331957bdc9604e",
                "sha256:f249a3e8a6bf62c2d501c35011bd6d72bcf6b103b016b353651519dae272fe9a",
                "sha256:f2edeca4903361f4f39b679a4a4511350864227de8cde3f9f3feafaa29194ac2"
            ],
            "index": "pypi",
            "version": "==2022.3.1.0"
        },
        "robotpy-installer": {
            "hashes": [
                "sha256:0b8bcc47c29242afd972fa5312dedfe8c4a8a09d99c743a19ae85f0b986724a3",
                "sha256:dd64c7e1e6fb54c83be275a2913b4a411855e79a0dfd32bcdc8e05c7ece63857"
            ],
            "markers": "python_version >= '3.6'",
            "version": "==2022.1.1"
        },
        "robotpy-navx": {
            "hashes": [
                "sha256:000ef51f7910aa0c5689de8985c65cef90e21d97f0292473a978e0bce0094ce4",
                "sha256:0b4dfc5ef9a380f151f3309755865f0191507dc364db023ca518daa87d7f20f0",
                "sha256:0c117e8699aa578b0b25d023fcd3697bd27da8789e0c2e8615ab6eabfdb1be33",
                "sha256:25ae94cbb141cf7aeade1039a112bc5808bd22aa8370765fa493ad356a12255a",
                "sha256:290ea09909a792af5e4034578539d71de16a39d8c8d598406c3d07e466aeb2b9",
                "sha256:35edb25c25235c118694f8b2009484b62029c86af265f69844022eb8d4184402",
                "sha256:68b3d47b78c6f977009814f0f5f85b0412fbfaa75088711b504fa1cedcae1da9",
                "sha256:6e9e5c6877669f43c7595fbb68e30a76b5b9f9877d7729da85c7fded75a08c7e",
                "sha256:7a1ff33b46929c750683d55bc405c312d006758c63f2a1ec88221d004e1e42b3",
                "sha256:85b4730b26b97e52827397a31b3fc1dd6fb4360f479c888c14f834149c45ad57",
                "sha256:9a5e16222ded06ddcf1dbd335d1de88e95135f0c7be49596cf6727b847c8d642",
                "sha256:c078b07bb340633995f1406fef8b9ed012744c5357bfc4eace15ebf573cf6997",
                "sha256:d2bf4f0a5097410ed4894f3b3fab1d0934a307bb449ed4e2cede76430619ac77",
                "sha256:e25bb64c2abadeebdeb6df7efd79cb9195bddbd14ed866d485b805ab843b4b37",
                "sha256:e30573ddd57f8f061e2ffae2d9858ffa2565964aac8631cf6c5afec72cc2b712",
                "sha256:eb9813fd2f84c2990b95fde0a0a4095dff401317c9c9a72d1d1196c683bd59c5"
            ],
            "index": "pypi",
            "version": "==2022.0.2"
        },
        "robotpy-rev": {
            "hashes": [
                "sha256:33ee8b58522ec9cc2ef26bf658b6c4d8fd10c8b330a5510e255f2dca4380f748",
                "sha256:38f2f290cf77edac4084b784150c63acaa545c32460392565bc9cee2cedbd0c3",
                "sha256:44b104f0bf2c0db9bfcb7c4e0c7dfd017236b9cd083bc83c880d6a7c5b5f3331",
                "sha256:4895665d7f6c8e5704286418f590a2f2c12f18dab5e7125be5fdd2d146b7c7be",
                "sha256:529a0895d6bbaa6dfc39c9004ccc993f6b2a6643d026a9c13e84e4d6195b6135",
                "sha256:77cab66727e331f436bc2fa38430c4a857a4eb32330ccbdf469576579ef66049",
                "sha256:8c7a2205c2ec74fdbbd3725176634e40d30d2505e325f2a0ff69f280a820600c",
                "sha256:8e0f0a506b76b49f5e66616b9897ed53d330eb8d73810fb8e11795e1b4608073",
                "sha256:a9c562c6940bc8ee18dc3159d90a9381002f926b3e363d5a88c9b28a602c3c6a",
                "sha256:b3fadf60832385c1f4afff97027b248c871774592802dea315a5cb836d3caae5",
                "sha256:e1fa0e319ad5838dc1a0146e122fe99a2f4b7392cc7c5413c62f24d8eace93cf",
                "sha256:e8e182129b1f9eeb70da3206176d5dc93d6a899c200208a45c794e3c48f0fbc2",
                "sha256:f3cd115ebce6d28f949f91789109c9b697f5eba77b668df38e87162bfe0adc0f",
                "sha256:f5bdfa220c926d506fc8bccb1723a274b4e0cb50fd01be4e22b60182e958d919",
                "sha256:fabc77a75e51d71fdff19b0adbbcc52a6177ccace2b2acf1100ea25ef995918e",
                "sha256:fec101c8a66f278925010a046f75379d2a37d0e6ba681b1ceff493591efbf91b"
            ],
            "index": "pypi",
            "version": "==2022.0.1"
        },
        "robotpy-wpilib-utilities": {
            "hashes": [
                "sha256:04e8b79f8675e0b1014b09a47e1add23856760cebb4749c546b704d217f1dc38",
                "sha256:6b62988cde9c4be5a49feb6cd081bff50c731d9e5bb5f7a7751c082a5cb0a641"
            ],
            "index": "pypi",
            "version": "==2022.0.3"
        },
        "robotpy-wpimath": {
            "hashes": [
                "sha256:0425bcf3ef719dfc05d9d395b46e40e8507f2bcfd7b827eae19c4a2a925b53f9",
                "sha256:0ae23dae473e9d6615c288d339255ec6da17985f68bef710d989743171484866",
                "sha256:1245a851308343ed4670f8580bee4629e762532f3dc99bd24ecd8dfb06a5ef22",
                "sha256:381ece13fc009faaef54b2044e33ce221f5227c3d4e3f94c52c65e44a2381b95",
                "sha256:3d8cff331783104bccf6419b3931712f3bbad9cb780c79304b4ba2e7720cf316",
                "sha256:45c8d04df0b9fcc02d92a199fd5c2a0800689267cf5c1fedb73120d44f026e0a",
                "sha256:45cb1eb8ea3e34d804247bd6d33d31256ac14a5ead952b5ca2f9f49cd397cdcd",
                "sha256:530a161615b534cab286e3849fab1925e3772919cb2d34e5de16d51d6f3441f1",
                "sha256:70187cc5fff3b994b1ce40282e3cabd29d6fdf8b888465e3c165bd230c40ca7f",
                "sha256:80fe5258fb5cc6037818f6226c34c8eea3dc60cd7ba356704db798a25d6557f4",
                "sha256:b2480e0ab4c4d92dda971e4b0b5dc4cb9d0037f7ed64f05847d64c63833e2783",
                "sha256:bf57f87aa43c438041d523254b6581465db722d8a9b0335470c0c3eda4116073",
                "sha256:ca18db0cf23f49d1d4218ad4017bb521699bd318ae9961b3071ba153738b81cd",
                "sha256:d4fbebbbee7234b3eb980d91ff8278d98ccad408f45472585dfdbe3b839d4e74",
                "sha256:e3c75a01bc98cca39ecc1f4bbe358e39891bba0502e3398689bcda8ab6a1a3d3",
                "sha256:f141bf3bfeb74b570d4d6051d72e2907aba6e8bbaf6f84de8aa1d0e77846c91d"
            ],
            "index": "pypi",
            "version": "==2022.3.1.1"
        },
        "robotpy-wpiutil": {
            "hashes": [
                "sha256:0dbffc7870dd19817cd4f3d4eed68732e7019f6807649e676537ff8e21256032",
                "sha256:37b804f547f44c93d9012de545e4fd10286d8886f375751cbb84b023da7cf94e",
                "sha256:42d8363cea99daf46495d9333d8465c9bafe2af1580da35bd09a6fc6572306f3",
                "sha256:4767fc2398ffd20d32a8e4de424ac2d5be7643a262fd7e825b480822215e2a2e",
                "sha256:53a0c0b109431e1812e8e8548a494d893903e09d080851b33d9edf6fad472fcf",
                "sha256:56548f7d528ff45fd410a8e29c4387efce079ccd7ce77f9246303dbad3d28f8e",
                "sha256:6c6ba2e20140f88d1678abf3d4adb24132f4bc3061787b042633d55278a5d9d0",
                "sha256:86e58f1fcb723dd856aa13355ca9daee322b636f6dc4408fc1d6f7107c69eb16",
                "sha256:92ab492c222496f0375cf2614944c4a3a5aef259ede89a8916415b6936a4d237",
                "sha256:987a4cb86a428f6eccbc54922fc61dfaefe63939468bcf46fc65c44535a742dc",
                "sha256:a54d788757f8ff30268679ebe672d4103dc1ab65b03fa43abe1c83ea7177bd90",
                "sha256:a56e37df1c94ef63c33cc2012d960dd0d50e16aedf2a49aa8406a82d6ac6611f",
                "sha256:aaadd4f39e9734131d5dbff580cc21a931bffa1237b2ac2ac9549509ea9315e0",
                "sha256:ac6743527244151776a7bb3ec0a824e50e5893c31280c1658e6bf2988884bce7",
                "sha256:efdf08e7a9c0e98f4e6610ab29e3b5260bda75c3213c66fc4a485f73a5038f8a",
                "sha256:f70f77f11310e8c04852cd6ae87c28b9b7153954cb422d7798d382b30f17c004"
            ],
            "index": "pypi",
            "version": "==2022.4.1.1"
        },
        "six": {
            "hashes": [
                "sha256:1e61c37477a1626458e36f7b1d82aa5c9b094fa4802892072e49de9c60c4c926",
                "sha256:8abb2f1d86890a2dfb989f9a77cfcfd3e47c2a354b01111771326f8aa26e0254"
            ],
            "markers": "python_version >= '2.7' and python_version not in '3.0, 3.1, 3.2, 3.3'",
            "version": "==1.16.0"
        },
        "tomli": {
            "hashes": [
                "sha256:939de3e7a6161af0c887ef91b7d41a53e7c5a1ca976325f429cb46ea9bc30ecc",
                "sha256:de526c12914f0c550d15924c62d72abc48d6fe7364aa87328337a31007fe8a4f"
            ],
            "markers": "python_version >= '3.7'",
            "version": "==2.0.1"
        },
        "wpilib": {
            "hashes": [
                "sha256:0157d096f9651b493514e775c05b191374116e9ea86376ffcad16e739873bc38",
                "sha256:0bdb986653eb80d2cd327295b6323eef46ccae3e78ad00101e13e9de0bdde524",
                "sha256:19dc29e6d26a3940496d9d1338ecd213b783836bc6cde9f3f9d0f32a3e74198c",
                "sha256:2198b26be581851d30409e6e4fa6d818710e8aa2b85ab9d2252b2f5917becf85",
                "sha256:68ddcf1a9828ac2b8ca198483d6f5b9f12aa8048936a48752821ff74e487c96e",
                "sha256:7b1b01305989774fb8889efe5cb92691ab5035d3998fc8298f1faf90af02a24f",
                "sha256:7f16b9f27c85a249c7671199278314ba29984c3a02cad5883915a8b3ea2beeb5",
                "sha256:870db04fe311e9c85fea254fa9676f2093136b1379fa7245ac4dce5b327d6276",
                "sha256:91dfd61eebb6483b8041fec834bf38455974c6473e2c3465f76a4a7b98779886",
                "sha256:95e036de19fca61152b57ff4bf5bb43973b820e661a984f351fff65bc263c329",
                "sha256:9a79a8b44178797dc5d3849b03578c1b1bf6cc07127cd0150214b9a045f49642",
                "sha256:9aaf4ff7714f54ca77596e64f1fe896068620cd15f86ac4a86a9fd048eefe241",
                "sha256:a6717e001af810e1752490153f4322855ba0072cd656fa25d44ac80d16817e0e",
                "sha256:e5dc6ad18ca1334c17be0bb01037e6ecb52216ca7f1cbcc22c9b2b69b159d901",
                "sha256:f55f2e4ba6ad6c5b9a627cbd573d43baa34add4f40333154fe4e9389b0466cda",
                "sha256:f9d0cbaa73cb19961e5906903126048e8b3970ac06794e4eb576b92cc4f76f19"
            ],
            "index": "pypi",
            "version": "==2022.3.1.1"
        }
    },
    "develop": {
        "attrs": {
            "hashes": [
                "sha256:2d27e3784d7a565d36ab851fe94887c5eccd6a463168875832a1be79c82828b4",
                "sha256:626ba8234211db98e869df76230a137c4c40a12d72445c45d5f5b716f076e2fd"
            ],
            "markers": "python_version >= '2.7' and python_version not in '3.0, 3.1, 3.2, 3.3, 3.4'",
            "version": "==21.4.0"
        },
        "hypothesis": {
            "hashes": [
                "sha256:92f1c58e994e109897fd9b3c6d44eb3bd45ed95bf3c079c35f36fa0801fc5f31",
                "sha256:f496dd053fb951b6da9611481fb4e54eeab1d37b594da5efe869083fad3ae621"
            ],
            "index": "pypi",
            "version": "==6.39.3"
        },
        "iniconfig": {
            "hashes": [
                "sha256:011e24c64b7f47f6ebd835bb12a743f2fbe9a26d4cecaa7f53bc4f35ee9da8b3",
                "sha256:bc3af051d7d14b2ee5ef9969666def0cd1a000e121eaea580d4a313df4b37f32"
            ],
            "version": "==1.1.1"
        },
        "packaging": {
            "hashes": [
                "sha256:dd47c42927d89ab911e606518907cc2d3a1f38bbd026385970643f9c5b8ecfeb",
                "sha256:ef103e05f519cdc783ae24ea4e2e0f508a9c99b2d4969652eed6a2e1ea5bd522"
            ],
            "markers": "python_version >= '3.6'",
            "version": "==21.3"
        },
        "pluggy": {
            "hashes": [
                "sha256:4224373bacce55f955a878bf9cfa763c1e360858e330072059e10bad68531159",
                "sha256:74134bbf457f031a36d68416e1509f34bd5ccc019f0bcc952c7b909d06b37bd3"
            ],
            "markers": "python_version >= '3.6'",
            "version": "==1.0.0"
        },
        "py": {
            "hashes": [
                "sha256:51c75c4126074b472f746a24399ad32f6053d1b34b68d2fa41e558e6f4a98719",
                "sha256:607c53218732647dff4acdfcd50cb62615cedf612e72d1724fb1a0cc6405b378"
            ],
            "markers": "python_version >= '2.7' and python_version not in '3.0, 3.1, 3.2, 3.3, 3.4'",
            "version": "==1.11.0"
        },
        "pyparsing": {
            "hashes": [
                "sha256:18ee9022775d270c55187733956460083db60b37d0d0fb357445f3094eed3eea",
                "sha256:a6c06a88f252e6c322f65faf8f418b16213b51bdfaece0524c1c1bc30c63c484"
            ],
            "markers": "python_version >= '3.6'",
            "version": "==3.0.7"
        },
        "pytest": {
            "hashes": [
                "sha256:9ce3ff477af913ecf6321fe337b93a2c0dcf2a0a1439c43f5452112c1e4280db",
                "sha256:e30905a0c131d3d94b89624a1cc5afec3e0ba2fbdb151867d8e0ebd49850f171"
            ],
            "markers": "python_version >= '3.6'",
            "version": "==7.0.1"
        },
        "sortedcontainers": {
            "hashes": [
                "sha256:25caa5a06cc30b6b83d11423433f65d1f9d76c4c6a0c90e3379eaa43b9bfdb88",
                "sha256:a163dcaede0f1c021485e957a39245190e74249897e2ae4b2aa38595db237ee0"
            ],
            "version": "==2.4.0"
        },
        "tomli": {
            "hashes": [
                "sha256:939de3e7a6161af0c887ef91b7d41a53e7c5a1ca976325f429cb46ea9bc30ecc",
                "sha256:de526c12914f0c550d15924c62d72abc48d6fe7364aa87328337a31007fe8a4f"
            ],
            "markers": "python_version >= '3.7'",
            "version": "==2.0.1"
        }
    }
}
